
Microsoft Visual Studio Solution File, Format Version 12.00
# Visual Studio 15
VisualStudioVersion = 15.0.26124.0
MinimumVisualStudioVersion = 15.0.26124.0
Project("{2150E333-8FDC-42A3-9474-1A3956D46DE8}") = "ACM.bl", "ACM.bl", "{40CDA8FD-59B7-48C6-A200-B0390777E3B8}"
EndProject
Project("{FAE04EC0-301F-11D3-BF4B-00C04F79EFBC}") = "ACM.bl.Source", "ACM.bl\ACM.bl.Source\ACM.bl.Source.csproj", "{37D5E051-775E-4987-9C93-988F6C326F46}"
EndProject
Project("{FAE04EC0-301F-11D3-BF4B-00C04F79EFBC}") = "ACM.bl.Tests", "ACM.bl\ACM.bl.Tests\ACM.bl.Tests.csproj", "{5B739DC6-BE81-4FE8-88E0-611D80DFDE7D}"
EndProject
Global
	GlobalSection(SolutionConfigurationPlatforms) = preSolution
		Debug|Any CPU = Debug|Any CPU
		Debug|x64 = Debug|x64
		Debug|x86 = Debug|x86
		Release|Any CPU = Release|Any CPU
		Release|x64 = Release|x64
		Release|x86 = Release|x86
	EndGlobalSection
	GlobalSection(SolutionProperties) = preSolution
		HideSolutionNode = FALSE
	EndGlobalSection
	GlobalSection(ProjectConfigurationPlatforms) = postSolution
		{37D5E051-775E-4987-9C93-988F6C326F46}.Debug|Any CPU.ActiveCfg = Debug|Any CPU
		{37D5E051-775E-4987-9C93-988F6C326F46}.Debug|Any CPU.Build.0 = Debug|Any CPU
		{37D5E051-775E-4987-9C93-988F6C326F46}.Debug|x64.ActiveCfg = Debug|Any CPU
		{37D5E051-775E-4987-9C93-988F6C326F46}.Debug|x64.Build.0 = Debug|Any CPU
		{37D5E051-775E-4987-9C93-988F6C326F46}.Debug|x86.ActiveCfg = Debug|Any CPU
		{37D5E051-775E-4987-9C93-988F6C326F46}.Debug|x86.Build.0 = Debug|Any CPU
		{37D5E051-775E-4987-9C93-988F6C326F46}.Release|Any CPU.ActiveCfg = Release|Any CPU
		{37D5E051-775E-4987-9C93-988F6C326F46}.Release|Any CPU.Build.0 = Release|Any CPU
		{37D5E051-775E-4987-9C93-988F6C326F46}.Release|x64.ActiveCfg = Release|Any CPU
		{37D5E051-775E-4987-9C93-988F6C326F46}.Release|x64.Build.0 = Release|Any CPU
		{37D5E051-775E-4987-9C93-988F6C326F46}.Release|x86.ActiveCfg = Release|Any CPU
		{37D5E051-775E-4987-9C93-988F6C326F46}.Release|x86.Build.0 = Release|Any CPU
		{5B739DC6-BE81-4FE8-88E0-611D80DFDE7D}.Debug|Any CPU.ActiveCfg = Debug|Any CPU
		{5B739DC6-BE81-4FE8-88E0-611D80DFDE7D}.Debug|Any CPU.Build.0 = Debug|Any CPU
		{5B739DC6-BE81-4FE8-88E0-611D80DFDE7D}.Debug|x64.ActiveCfg = Debug|Any CPU
		{5B739DC6-BE81-4FE8-88E0-611D80DFDE7D}.Debug|x64.Build.0 = Debug|Any CPU
		{5B739DC6-BE81-4FE8-88E0-611D80DFDE7D}.Debug|x86.ActiveCfg = Debug|Any CPU
		{5B739DC6-BE81-4FE8-88E0-611D80DFDE7D}.Debug|x86.Build.0 = Debug|Any CPU
		{5B739DC6-BE81-4FE8-88E0-611D80DFDE7D}.Release|Any CPU.ActiveCfg = Release|Any CPU
		{5B739DC6-BE81-4FE8-88E0-611D80DFDE7D}.Release|Any CPU.Build.0 = Release|Any CPU
		{5B739DC6-BE81-4FE8-88E0-611D80DFDE7D}.Release|x64.ActiveCfg = Release|Any CPU
		{5B739DC6-BE81-4FE8-88E0-611D80DFDE7D}.Release|x64.Build.0 = Release|Any CPU
		{5B739DC6-BE81-4FE8-88E0-611D80DFDE7D}.Release|x86.ActiveCfg = Release|Any CPU
		{5B739DC6-BE81-4FE8-88E0-611D80DFDE7D}.Release|x86.Build.0 = Release|Any CPU
	EndGlobalSection
	GlobalSection(NestedProjects) = preSolution
		{37D5E051-775E-4987-9C93-988F6C326F46} = {40CDA8FD-59B7-48C6-A200-B0390777E3B8}
		{5B739DC6-BE81-4FE8-88E0-611D80DFDE7D} = {40CDA8FD-59B7-48C6-A200-B0390777E3B8}
	EndGlobalSection
EndGlobal
